
Microsoft Visual Studio Solution File, Format Version 12.00
# Visual Studio Version 17
VisualStudioVersion = 17.9.34622.214
MinimumVisualStudioVersion = 10.0.40219.1
Project("{FAE04EC0-301F-11D3-BF4B-00C04F79EFBC}") = "LibraryFeriadosBrasil", "LibraryFeriadosBrasil.csproj", "{FEA1D007-D18D-48DC-BBF0-F64980BCADFB}"
EndProject
Global
	GlobalSection(SolutionConfigurationPlatforms) = preSolution
		Debug|Any CPU = Debug|Any CPU
		Release|Any CPU = Release|Any CPU
	EndGlobalSection
	GlobalSection(ProjectConfigurationPlatforms) = postSolution
		{FEA1D007-D18D-48DC-BBF0-F64980BCADFB}.Debug|Any CPU.ActiveCfg = Debug|Any CPU
		{FEA1D007-D18D-48DC-BBF0-F64980BCADFB}.Debug|Any CPU.Build.0 = Debug|Any CPU
		{FEA1D007-D18D-48DC-BBF0-F64980BCADFB}.Release|Any CPU.ActiveCfg = Release|Any CPU
		{FEA1D007-D18D-48DC-BBF0-F64980BCADFB}.Release|Any CPU.Build.0 = Release|Any CPU
	EndGlobalSection
	GlobalSection(SolutionProperties) = preSolution
		HideSolutionNode = FALSE
	EndGlobalSection
	GlobalSection(ExtensibilityGlobals) = postSolution
		SolutionGuid = {2384E08D-9273-4ADC-B51D-F5F23E48975C}
	EndGlobalSection
EndGlobal
